{
  "name": "lecrown-lead-api",
  "lockfileVersion": 3,
  "requires": true,
  "packages": {
    "": {
      "name": "lecrown-lead-api",
      "dependencies": {
        "jose": "^5.9.6",
        "nodemailer": "^8.0.5"
      }
    },
    "node_modules/jose": {
      "version": "5.10.0",
      "resolved": "https://registry.npmjs.org/jose/-/jose-5.10.0.tgz",
      "integrity": "sha512-s+3Al/p9g32Iq+oqXxkW//7jk2Vig6FF1CFqzVXoTUXt2qz89YWbL+OwS17NFYEvxC35n0FKeGO2LGYSxeM2Gg==",
      "license": "MIT",
      "funding": {
        "url": "https://github.com/sponsors/panva"
      }
    },
    "node_modules/nodemailer": {
      "version": "8.0.5",
      "resolved": "https://registry.npmjs.org/nodemailer/-/nodemailer-8.0.5.tgz",
      "integrity": "sha512-0PF8Yb1yZuQfQbq+5/pZJrtF6WQcjTd5/S4JOHs9PGFxuTqoB/icwuB44pOdURHJbRKX1PPoJZtY7R4VUoCC8w==",
      "license": "MIT-0",
      "engines": {
        "node": ">=6.0.0"
      }
    }
  }
}
